
Microsoft Visual Studio Solution File, Format Version 12.00
# Visual Studio Version 16
VisualStudioVersion = 16.0.31321.278
MinimumVisualStudioVersion = 10.0.40219.1
Project("{9A19103F-16F7-4668-BE54-9A1E7A4F7556}") = "OSS.DataFlow", "OSS.DataFlow\OSS.DataFlow.csproj", "{890E6F76-818E-4316-883A-7616AEEACFD1}"
EndProject
Project("{9A19103F-16F7-4668-BE54-9A1E7A4F7556}") = "OSS.DataFlow.Tests", "Tests\OSS.DataFlow.Tests\OSS.DataFlow.Tests.csproj", "{30BF855F-0F76-41B3-BC90-816EABFA917D}"
EndProject
Project("{2150E333-8FDC-42A3-9474-1A3956D46DE8}") = "Solution Items", "Solution Items", "{AE49DAF1-5DC1-4CEC-BD74-59005A9FFC8B}"
	ProjectSection(SolutionItems) = preProject
		..\README.md = ..\README.md
	EndProjectSection
EndProject
Global
	GlobalSection(SolutionConfigurationPlatforms) = preSolution
		Debug|Any CPU = Debug|Any CPU
		Release|Any CPU = Release|Any CPU
	EndGlobalSection
	GlobalSection(ProjectConfigurationPlatforms) = postSolution
		{890E6F76-818E-4316-883A-7616AEEACFD1}.Debug|Any CPU.ActiveCfg = Release|Any CPU
		{890E6F76-818E-4316-883A-7616AEEACFD1}.Debug|Any CPU.Build.0 = Release|Any CPU
		{890E6F76-818E-4316-883A-7616AEEACFD1}.Release|Any CPU.ActiveCfg = Release|Any CPU
		{890E6F76-818E-4316-883A-7616AEEACFD1}.Release|Any CPU.Build.0 = Release|Any CPU
		{30BF855F-0F76-41B3-BC90-816EABFA917D}.Debug|Any CPU.ActiveCfg = Debug|Any CPU
		{30BF855F-0F76-41B3-BC90-816EABFA917D}.Debug|Any CPU.Build.0 = Debug|Any CPU
		{30BF855F-0F76-41B3-BC90-816EABFA917D}.Release|Any CPU.ActiveCfg = Release|Any CPU
		{30BF855F-0F76-41B3-BC90-816EABFA917D}.Release|Any CPU.Build.0 = Release|Any CPU
	EndGlobalSection
	GlobalSection(SolutionProperties) = preSolution
		HideSolutionNode = FALSE
	EndGlobalSection
	GlobalSection(ExtensibilityGlobals) = postSolution
		SolutionGuid = {22E637A2-61FD-4C94-83DE-EE3CE0F46A15}
	EndGlobalSection
EndGlobal
